
Microsoft Visual Studio Solution File, Format Version 12.00
# Visual Studio Version 17
VisualStudioVersion = 17.12.35521.163
MinimumVisualStudioVersion = 10.0.40219.1
Project("{FAE04EC0-301F-11D3-BF4B-00C04F79EFBC}") = "NimbleLoopWebApp", "NimbleLoopWebApp\NimbleLoopWebApp\NimbleLoopWebApp.csproj", "{D810DB5C-714D-4455-B169-9C49CD095770}"
EndProject
Project("{FAE04EC0-301F-11D3-BF4B-00C04F79EFBC}") = "NimbleLoopWebApp.Client", "NimbleLoopWebApp\NimbleLoopWebApp.Client\NimbleLoopWebApp.Client.csproj", "{1605A7BE-D7B1-4616-8E48-10B66563C13B}"
EndProject
Project("{2150E333-8FDC-42A3-9474-1A3956D46DE8}") = "Solution Items", "Solution Items", "{693D1182-81D4-4D7C-A9DB-E839F65C342B}"
	ProjectSection(SolutionItems) = preProject
		.editorconfig = .editorconfig
	EndProjectSection
EndProject
Project("{FAE04EC0-301F-11D3-BF4B-00C04F79EFBC}") = "NimbleLoop.Domain", "NimbleLoop.Domain\NimbleLoop.Domain.csproj", "{7588DD3E-9E39-4A84-A51F-EEF06A4BE608}"
EndProject
Project("{FAE04EC0-301F-11D3-BF4B-00C04F79EFBC}") = "NimbleLoopWebApp.Functions", "NimbleLoopWebApp.Functions\NimbleLoopWebApp.Functions.csproj", "{4C66AE06-E7AB-47D7-A1F8-EAFB4B111D15}"
EndProject
Global
	GlobalSection(SolutionConfigurationPlatforms) = preSolution
		Debug|Any CPU = Debug|Any CPU
		Release|Any CPU = Release|Any CPU
	EndGlobalSection
	GlobalSection(ProjectConfigurationPlatforms) = postSolution
		{D810DB5C-714D-4455-B169-9C49CD095770}.Debug|Any CPU.ActiveCfg = Debug|Any CPU
		{D810DB5C-714D-4455-B169-9C49CD095770}.Debug|Any CPU.Build.0 = Debug|Any CPU
		{D810DB5C-714D-4455-B169-9C49CD095770}.Release|Any CPU.ActiveCfg = Release|Any CPU
		{D810DB5C-714D-4455-B169-9C49CD095770}.Release|Any CPU.Build.0 = Release|Any CPU
		{1605A7BE-D7B1-4616-8E48-10B66563C13B}.Debug|Any CPU.ActiveCfg = Debug|Any CPU
		{1605A7BE-D7B1-4616-8E48-10B66563C13B}.Debug|Any CPU.Build.0 = Debug|Any CPU
		{1605A7BE-D7B1-4616-8E48-10B66563C13B}.Release|Any CPU.ActiveCfg = Release|Any CPU
		{1605A7BE-D7B1-4616-8E48-10B66563C13B}.Release|Any CPU.Build.0 = Release|Any CPU
		{7588DD3E-9E39-4A84-A51F-EEF06A4BE608}.Debug|Any CPU.ActiveCfg = Debug|Any CPU
		{7588DD3E-9E39-4A84-A51F-EEF06A4BE608}.Debug|Any CPU.Build.0 = Debug|Any CPU
		{7588DD3E-9E39-4A84-A51F-EEF06A4BE608}.Release|Any CPU.ActiveCfg = Release|Any CPU
		{7588DD3E-9E39-4A84-A51F-EEF06A4BE608}.Release|Any CPU.Build.0 = Release|Any CPU
		{4C66AE06-E7AB-47D7-A1F8-EAFB4B111D15}.Debug|Any CPU.ActiveCfg = Debug|Any CPU
		{4C66AE06-E7AB-47D7-A1F8-EAFB4B111D15}.Debug|Any CPU.Build.0 = Debug|Any CPU
		{4C66AE06-E7AB-47D7-A1F8-EAFB4B111D15}.Release|Any CPU.ActiveCfg = Release|Any CPU
		{4C66AE06-E7AB-47D7-A1F8-EAFB4B111D15}.Release|Any CPU.Build.0 = Release|Any CPU
	EndGlobalSection
	GlobalSection(SolutionProperties) = preSolution
		HideSolutionNode = FALSE
	EndGlobalSection
EndGlobal
